<Solution>
  <Folder Name="/src/">
    <Project Path="src/Idempotency/Idempotency.csproj" />
    <Project Path="src/Idempotency.AspNetCore/Idempotency.AspNetCore.csproj" />
    <Project Path="src/Idempotency.Redis/Idempotency.Redis.csproj" />
    <Project Path="src/Idempotency.PostgreSql/Idempotency.PostgreSql.csproj" />
  </Folder>
</Solution>
